PODS:
  - MapLibre (5.12.1)

DEPENDENCIES:
  - MapLibre (from `https://github.com/m7mdra/maplibre-cocoapods.git`)

EXTERNAL SOURCES:
  MapLibre:
    :git: https://github.com/m7mdra/maplibre-cocoapods.git

CHECKOUT OPTIONS:
  MapLibre:
    :commit: 1594d1e6fe6b196ee5ffc4254fb37ac1a71ae8e3
    :git: https://github.com/m7mdra/maplibre-cocoapods.git

SPEC CHECKSUMS:
  MapLibre: d9f0a2d2b0e0a83611bb7bcb03ef2bcd701efb56

PODFILE CHECKSUM: c4f43f5831578e4165770a2d6c20a4201f1d01b3

COCOAPODS: 1.11.2
